
Microsoft Visual Studio Solution File, Format Version 12.00
# Visual Studio Version 17
VisualStudioVersion = 17.5.002.0
MinimumVisualStudioVersion = 10.0.40219.1
Project("{9A19103F-16F7-4668-BE54-9A1E7A4F7556}") = "Api", "Api\Api.csproj", "{551620BC-59C7-4B02-9AE6-3D65C875093C}"
EndProject
Project("{9A19103F-16F7-4668-BE54-9A1E7A4F7556}") = "LambdaFunction", "LambdaFunction\LambdaFunction.csproj", "{5B68A5F5-9B51-4435-A0A9-0DF9E1015CFC}"
EndProject
Global
	GlobalSection(SolutionConfigurationPlatforms) = preSolution
		Debug|Any CPU = Debug|Any CPU
		Release|Any CPU = Release|Any CPU
	EndGlobalSection
	GlobalSection(ProjectConfigurationPlatforms) = postSolution
		{551620BC-59C7-4B02-9AE6-3D65C875093C}.Debug|Any CPU.ActiveCfg = Debug|Any CPU
		{551620BC-59C7-4B02-9AE6-3D65C875093C}.Debug|Any CPU.Build.0 = Debug|Any CPU
		{551620BC-59C7-4B02-9AE6-3D65C875093C}.Release|Any CPU.ActiveCfg = Release|Any CPU
		{551620BC-59C7-4B02-9AE6-3D65C875093C}.Release|Any CPU.Build.0 = Release|Any CPU
		{5B68A5F5-9B51-4435-A0A9-0DF9E1015CFC}.Debug|Any CPU.ActiveCfg = Debug|Any CPU
		{5B68A5F5-9B51-4435-A0A9-0DF9E1015CFC}.Debug|Any CPU.Build.0 = Debug|Any CPU
		{5B68A5F5-9B51-4435-A0A9-0DF9E1015CFC}.Release|Any CPU.ActiveCfg = Release|Any CPU
		{5B68A5F5-9B51-4435-A0A9-0DF9E1015CFC}.Release|Any CPU.Build.0 = Release|Any CPU
	EndGlobalSection
	GlobalSection(SolutionProperties) = preSolution
		HideSolutionNode = FALSE
	EndGlobalSection
	GlobalSection(ExtensibilityGlobals) = postSolution
		SolutionGuid = {F0B048E6-DA5E-4778-B309-5E74E17F45E0}
	EndGlobalSection
EndGlobal
